
Microsoft Visual Studio Solution File, Format Version 12.00
# Visual Studio Version 17
VisualStudioVersion = 17.4.33122.133
MinimumVisualStudioVersion = 10.0.40219.1
Project("{FAE04EC0-301F-11D3-BF4B-00C04F79EFBC}") = "AuthenticationProject", "AuthenticationProject\AuthenticationProject.csproj", "{CC340769-5965-47E3-947F-B6CE3A31DEB7}"
EndProject
Global
	GlobalSection(SolutionConfigurationPlatforms) = preSolution
		Debug|Any CPU = Debug|Any CPU
		Release|Any CPU = Release|Any CPU
	EndGlobalSection
	GlobalSection(ProjectConfigurationPlatforms) = postSolution
		{CC340769-5965-47E3-947F-B6CE3A31DEB7}.Debug|Any CPU.ActiveCfg = Debug|Any CPU
		{CC340769-5965-47E3-947F-B6CE3A31DEB7}.Debug|Any CPU.Build.0 = Debug|Any CPU
		{CC340769-5965-47E3-947F-B6CE3A31DEB7}.Release|Any CPU.ActiveCfg = Release|Any CPU
		{CC340769-5965-47E3-947F-B6CE3A31DEB7}.Release|Any CPU.Build.0 = Release|Any CPU
	EndGlobalSection
	GlobalSection(SolutionProperties) = preSolution
		HideSolutionNode = FALSE
	EndGlobalSection
	GlobalSection(ExtensibilityGlobals) = postSolution
		SolutionGuid = {ECA3C620-7DB6-4130-9E13-8344BC74678A}
	EndGlobalSection
EndGlobal
